
Microsoft Visual Studio Solution File, Format Version 12.00
# Visual Studio Version 16
VisualStudioVersion = 16.0.30406.217
MinimumVisualStudioVersion = 10.0.40219.1
Project("{8BC9CEB8-8B4A-11D0-8D11-00A0C91BC942}") = "Bank_system", "Bank_system\Bank_system.vcxproj", "{FEC42C2E-FA45-41D0-9A57-8350A277322A}"
EndProject
Global
	GlobalSection(SolutionConfigurationPlatforms) = preSolution
		Debug|x64 = Debug|x64
		Debug|x86 = Debug|x86
		Release|x64 = Release|x64
		Release|x86 = Release|x86
	EndGlobalSection
	GlobalSection(ProjectConfigurationPlatforms) = postSolution
		{FEC42C2E-FA45-41D0-9A57-8350A277322A}.Debug|x64.ActiveCfg = Debug|x64
		{FEC42C2E-FA45-41D0-9A57-8350A277322A}.Debug|x64.Build.0 = Debug|x64
		{FEC42C2E-FA45-41D0-9A57-8350A277322A}.Debug|x86.ActiveCfg = Debug|Win32
		{FEC42C2E-FA45-41D0-9A57-8350A277322A}.Debug|x86.Build.0 = Debug|Win32
		{FEC42C2E-FA45-41D0-9A57-8350A277322A}.Release|x64.ActiveCfg = Release|x64
		{FEC42C2E-FA45-41D0-9A57-8350A277322A}.Release|x64.Build.0 = Release|x64
		{FEC42C2E-FA45-41D0-9A57-8350A277322A}.Release|x86.ActiveCfg = Release|Win32
		{FEC42C2E-FA45-41D0-9A57-8350A277322A}.Release|x86.Build.0 = Release|Win32
	EndGlobalSection
	GlobalSection(SolutionProperties) = preSolution
		HideSolutionNode = FALSE
	EndGlobalSection
	GlobalSection(ExtensibilityGlobals) = postSolution
		SolutionGuid = {095B9FE6-73BE-4C19-AE57-8FD7EB4CB5C1}
	EndGlobalSection
EndGlobal
